github.com/google/gousb v1.1.3 h1:xt6M5TDsGSZ+rlomz5Si5Hmd/Fvbmo2YCJHN+yGaK4o=
github.com/google/gousb v1.1.3/go.mod h1:GGWUkK0gAXDzxhwrzetW592aOmkkqSGcj5KLEgmCVUg=
golang.org/x/sys v0.42.0 h1:omrd2nAlyT5ESRdCLYdm3+fMfNFE/+Rf4bDIQImRJeo=
golang.org/x/sys v0.42.0/go.mod h1:4GL1E5IUh+htKOUEOaiffhrAeqysfVGipDYzABqnCmw=
